
Microsoft Visual Studio Solution File, Format Version 12.00
# Visual Studio Version 17
VisualStudioVersion = 17.10.35013.160
MinimumVisualStudioVersion = 10.0.40219.1
Project("{FAE04EC0-301F-11D3-BF4B-00C04F79EFBC}") = "ögrenciApp", "ögrenciApp.csproj", "{B9A736AC-8C41-4BCC-98C2-59D23DF53D4B}"
EndProject
Global
	GlobalSection(SolutionConfigurationPlatforms) = preSolution
		Debug|Any CPU = Debug|Any CPU
		Release|Any CPU = Release|Any CPU
	EndGlobalSection
	GlobalSection(ProjectConfigurationPlatforms) = postSolution
		{B9A736AC-8C41-4BCC-98C2-59D23DF53D4B}.Debug|Any CPU.ActiveCfg = Debug|Any CPU
		{B9A736AC-8C41-4BCC-98C2-59D23DF53D4B}.Debug|Any CPU.Build.0 = Debug|Any CPU
		{B9A736AC-8C41-4BCC-98C2-59D23DF53D4B}.Release|Any CPU.ActiveCfg = Release|Any CPU
		{B9A736AC-8C41-4BCC-98C2-59D23DF53D4B}.Release|Any CPU.Build.0 = Release|Any CPU
	EndGlobalSection
	GlobalSection(SolutionProperties) = preSolution
		HideSolutionNode = FALSE
	EndGlobalSection
	GlobalSection(ExtensibilityGlobals) = postSolution
		SolutionGuid = {6E1EDF36-6709-421B-9F28-D69795407BDE}
	EndGlobalSection
EndGlobal
